
Microsoft Visual Studio Solution File, Format Version 12.00
# Visual Studio Version 16
VisualStudioVersion = 16.0.29905.134
MinimumVisualStudioVersion = 10.0.40219.1
Project("{FAE04EC0-301F-11D3-BF4B-00C04F79EFBC}") = "Practise4", "Practise4\Practise4.csproj", "{D6E626CB-023E-46E8-9430-FA7EA03F3153}"
EndProject
Project("{FAE04EC0-301F-11D3-BF4B-00C04F79EFBC}") = "UnitTestRractise4", "UnitTestRractise4\UnitTestRractise4.csproj", "{6500336E-CB23-485F-91EF-1CC58D2DD083}"
EndProject
Global
	GlobalSection(SolutionConfigurationPlatforms) = preSolution
		Debug|Any CPU = Debug|Any CPU
		Release|Any CPU = Release|Any CPU
	EndGlobalSection
	GlobalSection(ProjectConfigurationPlatforms) = postSolution
		{D6E626CB-023E-46E8-9430-FA7EA03F3153}.Debug|Any CPU.ActiveCfg = Debug|Any CPU
		{D6E626CB-023E-46E8-9430-FA7EA03F3153}.Debug|Any CPU.Build.0 = Debug|Any CPU
		{D6E626CB-023E-46E8-9430-FA7EA03F3153}.Release|Any CPU.ActiveCfg = Release|Any CPU
		{D6E626CB-023E-46E8-9430-FA7EA03F3153}.Release|Any CPU.Build.0 = Release|Any CPU
		{6500336E-CB23-485F-91EF-1CC58D2DD083}.Debug|Any CPU.ActiveCfg = Debug|Any CPU
		{6500336E-CB23-485F-91EF-1CC58D2DD083}.Debug|Any CPU.Build.0 = Debug|Any CPU
		{6500336E-CB23-485F-91EF-1CC58D2DD083}.Release|Any CPU.ActiveCfg = Release|Any CPU
		{6500336E-CB23-485F-91EF-1CC58D2DD083}.Release|Any CPU.Build.0 = Release|Any CPU
	EndGlobalSection
	GlobalSection(SolutionProperties) = preSolution
		HideSolutionNode = FALSE
	EndGlobalSection
	GlobalSection(ExtensibilityGlobals) = postSolution
		SolutionGuid = {B89ECBA9-5EA7-49A2-952E-F4D2DC2C6B39}
	EndGlobalSection
EndGlobal
